
Microsoft Visual Studio Solution File, Format Version 12.00
# Visual Studio Version 16
VisualStudioVersion = 16.0.30907.101
MinimumVisualStudioVersion = 10.0.40219.1
Project("{FAE04EC0-301F-11D3-BF4B-00C04F79EFBC}") = "CallApi", "CallApi\CallApi.csproj", "{686CC9AF-CB1E-4FDB-B637-8B6FB2FCF78A}"
EndProject
Global
	GlobalSection(SolutionConfigurationPlatforms) = preSolution
		Debug|Any CPU = Debug|Any CPU
		Release|Any CPU = Release|Any CPU
	EndGlobalSection
	GlobalSection(ProjectConfigurationPlatforms) = postSolution
		{686CC9AF-CB1E-4FDB-B637-8B6FB2FCF78A}.Debug|Any CPU.ActiveCfg = Debug|Any CPU
		{686CC9AF-CB1E-4FDB-B637-8B6FB2FCF78A}.Debug|Any CPU.Build.0 = Debug|Any CPU
		{686CC9AF-CB1E-4FDB-B637-8B6FB2FCF78A}.Release|Any CPU.ActiveCfg = Release|Any CPU
		{686CC9AF-CB1E-4FDB-B637-8B6FB2FCF78A}.Release|Any CPU.Build.0 = Release|Any CPU
	EndGlobalSection
	GlobalSection(SolutionProperties) = preSolution
		HideSolutionNode = FALSE
	EndGlobalSection
	GlobalSection(ExtensibilityGlobals) = postSolution
		SolutionGuid = {C0FA4A22-C0C8-447F-B891-4809B0856306}
	EndGlobalSection
EndGlobal
